<?xml version="1.0" encoding="utf-8"?>
<Project ToolsVersion="4.0" xmlns="http://schemas.microsoft.com/developer/msbuild/2003">
  <ItemGroup>
    <Filter Include="Source Files">
      <UniqueIdentifier>{e6da6439-d6e1-4b2a-ba96-87f4998a9aa4}</UniqueIdentifier>
      <Extensions>cpp;c;cxx;def;odl;idl;hpj;bat;asm</Extensions>
    </Filter>
    <Filter Include="Header Files">
      <UniqueIdentifier>{f3027369-9b8f-4e03-aa4b-5c245e7cb6d8}</UniqueIdentifier>
      <Extensions>h;hpp;hxx;hm;inl;inc</Extensions>
    </Filter>
    <Filter Include="Resource Files">
      <UniqueIdentifier>{1d15739c-4019-42f6-8a75-f2f8dc3843d1}</UniqueIdentifier>
      <Extensions>rc;ico;cur;bmp;dlg;rc2;rct;bin;rgs;jpg;jpeg;jpe;manifest</Extensions>
    </Filter>
  </ItemGroup>
  <ItemGroup>
    <ClCompile Include="DuiHandlerMain.cpp">
      <Filter>Source Files</Filter>
    </ClCompile>
    <ClCompile Include="DuiVisionExplorer.cpp">
      <Filter>Source Files</Filter>
    </ClCompile>
    <ClCompile Include="stdafx.cpp">
      <Filter>Source Files</Filter>
    </ClCompile>
  </ItemGroup>
  <ItemGroup>
    <ClInclude Include="DuiHandlerMain.h">
      <Filter>Header Files</Filter>
    </ClInclude>
    <ClInclude Include="DuiVisionExplorer.h">
      <Filter>Header Files</Filter>
    </ClInclude>
    <ClInclude Include="resource.h">
      <Filter>Header Files</Filter>
    </ClInclude>
    <ClInclude Include="stdafx.h">
      <Filter>Header Files</Filter>
    </ClInclude>
    <ClInclude Include="targetver.h">
      <Filter>Header Files</Filter>
    </ClInclude>
  </ItemGroup>
  <ItemGroup>
    <None Include="res\DuiVisionExplorer.ico">
      <Filter>Resource Files</Filter>
    </None>
    <None Include="res\DuiVisionExplorer.rc2">
      <Filter>Resource Files</Filter>
    </None>
    <None Include="Readme.txt" />
  </ItemGroup>
  <ItemGroup>
    <ResourceCompile Include="DuiVisionExplorer.rc">
      <Filter>Resource Files</Filter>
    </ResourceCompile>
  </ItemGroup>
</Project>